# generated by uv
# use `uv pip compile` or `uv pip sync` to update this lockfile
#
# last locked with the following flags:
#   pre: false
#   features: []
#   all-features: false
#   with-sources: false
#   generate-hashes: false

-e file:.
attrs==23.1.0
    # via pytest
black==22.10.0
certifi==2023.7.22
    # via requests
charset-normalizer==3.2.0
    # via requests
click==8.1.6
    # via black
    # via pdf2sb
exceptiongroup==1.1.2
    # via pytest
idna==3.4
    # via requests
iniconfig==2.0.0
    # via pytest
markupsafe==2.1.3
    # via werkzeug
mypy==0.991
mypy-extensions==1.0.0
    # via black
    # via mypy
packaging==23.1
    # via pytest
pathspec==0.11.2
    # via black
platformdirs==3.10.0
    # via black
pluggy==1.2.0
    # via pytest
pymupdf==1.24.7
    # via pdf2sb
pymupdfb==1.24.6
    # via pymupdf
pytest==7.2.2
    # via pytest-mock
pytest-httpserver==1.0.8
pytest-mock==3.10.0
python-dateutil==2.8.2
    # via python-gyazo
python-gyazo==1.2.0
    # via pdf2sb
requests==2.31.0
    # via python-gyazo
ruff==0.0.282
six==1.16.0
    # via python-dateutil
tomli==2.0.1
    # via black
    # via mypy
    # via pytest
types-click==7.1.8
typing-extensions==4.7.1
    # via black
    # via mypy
urllib3==2.0.4
    # via requests
werkzeug==2.3.7
    # via pytest-httpserver
