# generated by rye
# use `rye lock` or `rye sync` to update this lockfile
#
# last locked with the following flags:
#   pre: false
#   features: []
#   all-features: false

-e file:.
certifi==2023.7.22
charset-normalizer==3.2.0
click==8.1.6
idna==3.4
pdf2image==1.16.3
pillow==8.4.0
pypdf2==1.28.6
python-dateutil==2.8.2
python-gyazo==1.2.0
requests==2.31.0
six==1.16.0
urllib3==2.0.4
